
Microsoft Visual Studio Solution File, Format Version 12.00
# Visual Studio Version 17
VisualStudioVersion = 17.5.33502.453
MinimumVisualStudioVersion = 10.0.40219.1
Project("{2150E333-8FDC-42A3-9474-1A3956D46DE8}") = "src", "src", "{A1B9D7A1-3E5F-4D89-BCC1-52CADC33AEF8}"
EndProject
Project("{2150E333-8FDC-42A3-9474-1A3956D46DE8}") = "1. Presentation", "1. Presentation", "{1308C9BF-3DE7-446D-8503-DFDE3450CFF9}"
EndProject
Project("{2150E333-8FDC-42A3-9474-1A3956D46DE8}") = "2. Application", "2. Application", "{FCEA4A51-DA20-41B5-B7E7-0BC49A610206}"
EndProject
Project("{2150E333-8FDC-42A3-9474-1A3956D46DE8}") = "3. Domain", "3. Domain", "{5F7DF3A2-416B-489D-AFAD-389C039B6FDF}"
EndProject
Project("{2150E333-8FDC-42A3-9474-1A3956D46DE8}") = "4. Infrastructure", "4. Infrastructure", "{69387F52-BB61-4058-98F1-174F1EE73D6B}"
EndProject
Project("{2150E333-8FDC-42A3-9474-1A3956D46DE8}") = "test", "test", "{04B8CB69-52E5-4D7D-8E14-DC6B72E444B5}"
EndProject
Project("{2150E333-8FDC-42A3-9474-1A3956D46DE8}") = "UnitTests", "UnitTests", "{9B1B2CA5-E554-4D89-B291-2999067F765E}"
EndProject
Project("{9A19103F-16F7-4668-BE54-9A1E7A4F7556}") = "UnitTests", "test\UnitTests\UnitTests.csproj", "{9EF5C3E0-7852-4B5A-B0C2-431174E89E62}"
EndProject
Project("{FAE04EC0-301F-11D3-BF4B-00C04F79EFBC}") = "INDT.TravelRoute.Api", "src\INDT.TravelRoute.Api\INDT.TravelRoute.Api.csproj", "{4AB3FB6D-B737-23B7-FDA4-143B3AD2D614}"
EndProject
Project("{FAE04EC0-301F-11D3-BF4B-00C04F79EFBC}") = "INDT.TravelRoute.Application", "src\INDT.TravelRoute.Application\INDT.TravelRoute.Application.csproj", "{6586A8F9-8C58-F55A-01D1-EF719AA00BA1}"
EndProject
Project("{FAE04EC0-301F-11D3-BF4B-00C04F79EFBC}") = "INDT.TravelRoute.Domain", "src\INDT.TravelRoute.Domain\INDT.TravelRoute.Domain.csproj", "{237E44C4-9AB1-5040-5A7A-8074785FB7C8}"
EndProject
Project("{FAE04EC0-301F-11D3-BF4B-00C04F79EFBC}") = "INDT.TravelRoute.Infrastructure.SqlServer", "src\INDT.TravelRoute.Infrastructure.SqlServer\INDT.TravelRoute.Infrastructure.SqlServer.csproj", "{1DC4CCD0-FD5E-60E1-F185-B29966723D88}"
EndProject
Global
	GlobalSection(SolutionConfigurationPlatforms) = preSolution
		Debug|Any CPU = Debug|Any CPU
		Release|Any CPU = Release|Any CPU
	EndGlobalSection
	GlobalSection(ProjectConfigurationPlatforms) = postSolution
		{9EF5C3E0-7852-4B5A-B0C2-431174E89E62}.Debug|Any CPU.ActiveCfg = Debug|Any CPU
		{9EF5C3E0-7852-4B5A-B0C2-431174E89E62}.Debug|Any CPU.Build.0 = Debug|Any CPU
		{9EF5C3E0-7852-4B5A-B0C2-431174E89E62}.Release|Any CPU.ActiveCfg = Release|Any CPU
		{9EF5C3E0-7852-4B5A-B0C2-431174E89E62}.Release|Any CPU.Build.0 = Release|Any CPU
		{4AB3FB6D-B737-23B7-FDA4-143B3AD2D614}.Debug|Any CPU.ActiveCfg = Debug|Any CPU
		{4AB3FB6D-B737-23B7-FDA4-143B3AD2D614}.Debug|Any CPU.Build.0 = Debug|Any CPU
		{4AB3FB6D-B737-23B7-FDA4-143B3AD2D614}.Release|Any CPU.ActiveCfg = Release|Any CPU
		{4AB3FB6D-B737-23B7-FDA4-143B3AD2D614}.Release|Any CPU.Build.0 = Release|Any CPU
		{6586A8F9-8C58-F55A-01D1-EF719AA00BA1}.Debug|Any CPU.ActiveCfg = Debug|Any CPU
		{6586A8F9-8C58-F55A-01D1-EF719AA00BA1}.Debug|Any CPU.Build.0 = Debug|Any CPU
		{6586A8F9-8C58-F55A-01D1-EF719AA00BA1}.Release|Any CPU.ActiveCfg = Release|Any CPU
		{6586A8F9-8C58-F55A-01D1-EF719AA00BA1}.Release|Any CPU.Build.0 = Release|Any CPU
		{237E44C4-9AB1-5040-5A7A-8074785FB7C8}.Debug|Any CPU.ActiveCfg = Debug|Any CPU
		{237E44C4-9AB1-5040-5A7A-8074785FB7C8}.Debug|Any CPU.Build.0 = Debug|Any CPU
		{237E44C4-9AB1-5040-5A7A-8074785FB7C8}.Release|Any CPU.ActiveCfg = Release|Any CPU
		{237E44C4-9AB1-5040-5A7A-8074785FB7C8}.Release|Any CPU.Build.0 = Release|Any CPU
		{1DC4CCD0-FD5E-60E1-F185-B29966723D88}.Debug|Any CPU.ActiveCfg = Debug|Any CPU
		{1DC4CCD0-FD5E-60E1-F185-B29966723D88}.Debug|Any CPU.Build.0 = Debug|Any CPU
		{1DC4CCD0-FD5E-60E1-F185-B29966723D88}.Release|Any CPU.ActiveCfg = Release|Any CPU
		{1DC4CCD0-FD5E-60E1-F185-B29966723D88}.Release|Any CPU.Build.0 = Release|Any CPU
	EndGlobalSection
	GlobalSection(SolutionProperties) = preSolution
		HideSolutionNode = FALSE
	EndGlobalSection
	GlobalSection(NestedProjects) = preSolution
		{1308C9BF-3DE7-446D-8503-DFDE3450CFF9} = {A1B9D7A1-3E5F-4D89-BCC1-52CADC33AEF8}
		{FCEA4A51-DA20-41B5-B7E7-0BC49A610206} = {A1B9D7A1-3E5F-4D89-BCC1-52CADC33AEF8}
		{5F7DF3A2-416B-489D-AFAD-389C039B6FDF} = {A1B9D7A1-3E5F-4D89-BCC1-52CADC33AEF8}
		{69387F52-BB61-4058-98F1-174F1EE73D6B} = {A1B9D7A1-3E5F-4D89-BCC1-52CADC33AEF8}
		{9B1B2CA5-E554-4D89-B291-2999067F765E} = {04B8CB69-52E5-4D7D-8E14-DC6B72E444B5}
		{9EF5C3E0-7852-4B5A-B0C2-431174E89E62} = {9B1B2CA5-E554-4D89-B291-2999067F765E}
		{4AB3FB6D-B737-23B7-FDA4-143B3AD2D614} = {1308C9BF-3DE7-446D-8503-DFDE3450CFF9}
		{6586A8F9-8C58-F55A-01D1-EF719AA00BA1} = {FCEA4A51-DA20-41B5-B7E7-0BC49A610206}
		{237E44C4-9AB1-5040-5A7A-8074785FB7C8} = {5F7DF3A2-416B-489D-AFAD-389C039B6FDF}
		{1DC4CCD0-FD5E-60E1-F185-B29966723D88} = {69387F52-BB61-4058-98F1-174F1EE73D6B}
	EndGlobalSection
	GlobalSection(ExtensibilityGlobals) = postSolution
		SolutionGuid = {3EA35702-0EB1-4E72-8BE1-FF54E1E3FD15}
	EndGlobalSection
EndGlobal
